
Microsoft Visual Studio Solution File, Format Version 12.00
# Visual Studio Version 17
VisualStudioVersion = 17.11.35303.130
MinimumVisualStudioVersion = 10.0.40219.1
Project("{FAE04EC0-301F-11D3-BF4B-00C04F79EFBC}") = "PagesDemo", "PagesDemo\PagesDemo.csproj", "{061FEE06-9067-4C53-A328-61A57B560A6B}"
EndProject
Global
	GlobalSection(SolutionConfigurationPlatforms) = preSolution
		Debug|Any CPU = Debug|Any CPU
		Release|Any CPU = Release|Any CPU
	EndGlobalSection
	GlobalSection(ProjectConfigurationPlatforms) = postSolution
		{061FEE06-9067-4C53-A328-61A57B560A6B}.Debug|Any CPU.ActiveCfg = Debug|Any CPU
		{061FEE06-9067-4C53-A328-61A57B560A6B}.Debug|Any CPU.Build.0 = Debug|Any CPU
		{061FEE06-9067-4C53-A328-61A57B560A6B}.Debug|Any CPU.Deploy.0 = Debug|Any CPU
		{061FEE06-9067-4C53-A328-61A57B560A6B}.Release|Any CPU.ActiveCfg = Release|Any CPU
		{061FEE06-9067-4C53-A328-61A57B560A6B}.Release|Any CPU.Build.0 = Release|Any CPU
		{061FEE06-9067-4C53-A328-61A57B560A6B}.Release|Any CPU.Deploy.0 = Release|Any CPU
	EndGlobalSection
	GlobalSection(SolutionProperties) = preSolution
		HideSolutionNode = FALSE
	EndGlobalSection
	GlobalSection(ExtensibilityGlobals) = postSolution
		SolutionGuid = {13059ACC-DDC8-4369-A9EB-794F64E8CF62}
	EndGlobalSection
EndGlobal
